
Microsoft Visual Studio Solution File, Format Version 12.00
# Visual Studio Version 17
VisualStudioVersion = 17.7.34031.279
MinimumVisualStudioVersion = 10.0.40219.1
Project("{FAE04EC0-301F-11D3-BF4B-00C04F79EFBC}") = "RaceGame", "RaceGame\RaceGame.csproj", "{DBA240E3-3119-49DB-BD47-2E39366605B6}"
EndProject
Global
	GlobalSection(SolutionConfigurationPlatforms) = preSolution
		Debug|Any CPU = Debug|Any CPU
		Release|Any CPU = Release|Any CPU
	EndGlobalSection
	GlobalSection(ProjectConfigurationPlatforms) = postSolution
		{DBA240E3-3119-49DB-BD47-2E39366605B6}.Debug|Any CPU.ActiveCfg = Debug|Any CPU
		{DBA240E3-3119-49DB-BD47-2E39366605B6}.Debug|Any CPU.Build.0 = Debug|Any CPU
		{DBA240E3-3119-49DB-BD47-2E39366605B6}.Release|Any CPU.ActiveCfg = Release|Any CPU
		{DBA240E3-3119-49DB-BD47-2E39366605B6}.Release|Any CPU.Build.0 = Release|Any CPU
	EndGlobalSection
	GlobalSection(SolutionProperties) = preSolution
		HideSolutionNode = FALSE
	EndGlobalSection
	GlobalSection(ExtensibilityGlobals) = postSolution
		SolutionGuid = {6319EE29-436A-4CC1-ABA0-8FEB3A4EA850}
	EndGlobalSection
EndGlobal
